Microsoft Visual Studio Solution File, Format Version 12.00
# Visual Studio 2012
Project("{FAE04EC0-301F-11D3-BF4B-00C04F79EFBC}") = "godot_wild_jam_77", "godot_wild_jam_77.csproj", "{B1EC3C2E-AB09-45D6-92A5-52DE8C3A2DFF}"
EndProject
Global
	GlobalSection(SolutionConfigurationPlatforms) = preSolution
	Debug|Any CPU = Debug|Any CPU
	ExportDebug|Any CPU = ExportDebug|Any CPU
	ExportRelease|Any CPU = ExportRelease|Any CPU
	EndGlobalSection
	GlobalSection(ProjectConfigurationPlatforms) = postSolution
		{B1EC3C2E-AB09-45D6-92A5-52DE8C3A2DFF}.Debug|Any CPU.ActiveCfg = Debug|Any CPU
		{B1EC3C2E-AB09-45D6-92A5-52DE8C3A2DFF}.Debug|Any CPU.Build.0 = Debug|Any CPU
		{B1EC3C2E-AB09-45D6-92A5-52DE8C3A2DFF}.ExportDebug|Any CPU.ActiveCfg = ExportDebug|Any CPU
		{B1EC3C2E-AB09-45D6-92A5-52DE8C3A2DFF}.ExportDebug|Any CPU.Build.0 = ExportDebug|Any CPU
		{B1EC3C2E-AB09-45D6-92A5-52DE8C3A2DFF}.ExportRelease|Any CPU.ActiveCfg = ExportRelease|Any CPU
		{B1EC3C2E-AB09-45D6-92A5-52DE8C3A2DFF}.ExportRelease|Any CPU.Build.0 = ExportRelease|Any CPU
	EndGlobalSection
EndGlobal
